
Microsoft Visual Studio Solution File, Format Version 12.00
# Visual Studio Version 17
VisualStudioVersion = 17.10.35122.118
MinimumVisualStudioVersion = 10.0.40219.1
Project("{9A19103F-16F7-4668-BE54-9A1E7A4F7556}") = "Plugins_OpenAPI_Function_Example", "Plugins_OpenAPI_Function_Example.csproj", "{2105EA86-F547-47C8-BE13-0FFBE86FA565}"
EndProject
Global
	GlobalSection(SolutionConfigurationPlatforms) = preSolution
		Debug|Any CPU = Debug|Any CPU
		Release|Any CPU = Release|Any CPU
	EndGlobalSection
	GlobalSection(ProjectConfigurationPlatforms) = postSolution
		{2105EA86-F547-47C8-BE13-0FFBE86FA565}.Debug|Any CPU.ActiveCfg = Debug|Any CPU
		{2105EA86-F547-47C8-BE13-0FFBE86FA565}.Debug|Any CPU.Build.0 = Debug|Any CPU
		{2105EA86-F547-47C8-BE13-0FFBE86FA565}.Release|Any CPU.ActiveCfg = Release|Any CPU
		{2105EA86-F547-47C8-BE13-0FFBE86FA565}.Release|Any CPU.Build.0 = Release|Any CPU
	EndGlobalSection
	GlobalSection(SolutionProperties) = preSolution
		HideSolutionNode = FALSE
	EndGlobalSection
	GlobalSection(ExtensibilityGlobals) = postSolution
		SolutionGuid = {1908E44B-0ED9-4FFE-8DCA-09F246405E02}
	EndGlobalSection
EndGlobal
